
Microsoft Visual Studio Solution File, Format Version 12.00
# Visual Studio Version 16
VisualStudioVersion = 16.0.30114.105
MinimumVisualStudioVersion = 10.0.40219.1
Project("{FAE04EC0-301F-11D3-BF4B-00C04F79EFBC}") = "MoodAnalysers", "MoodAnalysers\MoodAnalysers.csproj", "{A91025B2-7422-4173-95E5-26E3610CF35A}"
EndProject
Project("{FAE04EC0-301F-11D3-BF4B-00C04F79EFBC}") = "MoodAnalysersTest", "MoodAnalysersTest\MoodAnalysersTest.csproj", "{4EF1C3F8-1403-466B-A7BF-6F839F0AC959}"
EndProject
Global
	GlobalSection(SolutionConfigurationPlatforms) = preSolution
		Debug|Any CPU = Debug|Any CPU
		Release|Any CPU = Release|Any CPU
	EndGlobalSection
	GlobalSection(ProjectConfigurationPlatforms) = postSolution
		{A91025B2-7422-4173-95E5-26E3610CF35A}.Debug|Any CPU.ActiveCfg = Debug|Any CPU
		{A91025B2-7422-4173-95E5-26E3610CF35A}.Debug|Any CPU.Build.0 = Debug|Any CPU
		{A91025B2-7422-4173-95E5-26E3610CF35A}.Release|Any CPU.ActiveCfg = Release|Any CPU
		{A91025B2-7422-4173-95E5-26E3610CF35A}.Release|Any CPU.Build.0 = Release|Any CPU
		{4EF1C3F8-1403-466B-A7BF-6F839F0AC959}.Debug|Any CPU.ActiveCfg = Debug|Any CPU
		{4EF1C3F8-1403-466B-A7BF-6F839F0AC959}.Debug|Any CPU.Build.0 = Debug|Any CPU
		{4EF1C3F8-1403-466B-A7BF-6F839F0AC959}.Release|Any CPU.ActiveCfg = Release|Any CPU
		{4EF1C3F8-1403-466B-A7BF-6F839F0AC959}.Release|Any CPU.Build.0 = Release|Any CPU
	EndGlobalSection
	GlobalSection(SolutionProperties) = preSolution
		HideSolutionNode = FALSE
	EndGlobalSection
	GlobalSection(ExtensibilityGlobals) = postSolution
		SolutionGuid = {24CE5268-4008-43B9-8BBE-4CE7C99FDB09}
	EndGlobalSection
EndGlobal
